<?xml version="1.0"?>
<CONFIG>
  <ProjectOptions>
    <Version Value="9"/>
    <General>
      <MainUnit Value="0"/>
      <ResourceType Value="res"/>
      <UseXPManifest Value="True"/>
      <ActiveWindowIndexAtStart Value="0"/>
    </General>
    <i18n>
      <EnableI18N LFM="False"/>
    </i18n>
    <VersionInfo>
      <StringTable ProductVersion=""/>
    </VersionInfo>
    <BuildModes Count="1" Active="Default">
      <Item1 Name="Default" Default="True"/>
    </BuildModes>
    <PublishOptions>
      <Version Value="2"/>
      <IncludeFileFilter Value="*.(pas|pp|inc|lfm|lpr|lrs|lpi|lpk|sh|xml)"/>
      <ExcludeFileFilter Value="*.(bak|ppu|o|so);*~;backup"/>
    </PublishOptions>
    <RunParams>
      <local>
        <FormatVersion Value="1"/>
        <LaunchingApplication PathPlusParams="/usr/bin/xterm -T 'Lazarus Run Output' -e $(LazarusDir)/tools/runwait.sh $(TargetCmdLine)"/>
      </local>
    </RunParams>
    <RequiredPackages Count="1">
      <Item1>
        <PackageName Value="LCL"/>
      </Item1>
    </RequiredPackages>
    <Units Count="11">
      <Unit0>
        <Filename Value="lclock2.lpr"/>
        <IsPartOfProject Value="True"/>
        <UnitName Value="lclock2"/>
        <EditorIndex Value="0"/>
        <WindowIndex Value="0"/>
        <TopLine Value="1"/>
        <CursorPos X="5" Y="18"/>
        <UsageCount Value="26"/>
        <Loaded Value="True"/>
      </Unit0>
      <Unit1>
        <Filename Value="main.pas"/>
        <IsPartOfProject Value="True"/>
        <ComponentName Value="fmMain"/>
        <ResourceBaseClass Value="Form"/>
        <UnitName Value="main"/>
        <IsVisibleTab Value="True"/>
        <EditorIndex Value="1"/>
        <WindowIndex Value="0"/>
        <TopLine Value="77"/>
        <CursorPos X="47" Y="113"/>
        <FoldState Value=" T3ie099 pj4k00P124y"/>
        <UsageCount Value="26"/>
        <Loaded Value="True"/>
        <LoadedDesigner Value="True"/>
      </Unit1>
      <Unit2>
        <Filename Value="../TLIB3/tstr.pas"/>
        <UnitName Value="tstr"/>
        <EditorIndex Value="3"/>
        <WindowIndex Value="0"/>
        <TopLine Value="1"/>
        <CursorPos X="13" Y="12"/>
        <UsageCount Value="13"/>
        <Loaded Value="True"/>
      </Unit2>
      <Unit3>
        <Filename Value="../TLIB3/tconst.inc"/>
        <EditorIndex Value="4"/>
        <WindowIndex Value="0"/>
        <TopLine Value="55"/>
        <CursorPos X="21" Y="90"/>
        <UsageCount Value="13"/>
        <Loaded Value="True"/>
      </Unit3>
      <Unit4>
        <Filename Value="const.inc"/>
        <IsPartOfProject Value="True"/>
        <EditorIndex Value="2"/>
        <WindowIndex Value="0"/>
        <TopLine Value="1"/>
        <CursorPos X="23" Y="3"/>
        <UsageCount Value="26"/>
        <Loaded Value="True"/>
      </Unit4>
      <Unit5>
        <Filename Value="/mnt/pub/personal/projects/_pascal/lclock2/main.pas"/>
        <ComponentName Value="fmMain"/>
        <HasResources Value="True"/>
        <ResourceBaseClass Value="Form"/>
        <UnitName Value="main"/>
        <WindowIndex Value="0"/>
        <TopLine Value="223"/>
        <CursorPos X="1" Y="233"/>
        <UsageCount Value="10"/>
      </Unit5>
      <Unit6>
        <Filename Value="/mnt/pub/personal/projects/_pascal/TLIB3/tcfg.pas"/>
        <UnitName Value="tcfg"/>
        <WindowIndex Value="0"/>
        <TopLine Value="1"/>
        <CursorPos X="1" Y="264"/>
        <UsageCount Value="12"/>
      </Unit6>
      <Unit7>
        <Filename Value="1/config.pas"/>
        <UnitName Value="config"/>
        <WindowIndex Value="0"/>
        <TopLine Value="1"/>
        <CursorPos X="21" Y="14"/>
        <UsageCount Value="10"/>
      </Unit7>
      <Unit8>
        <Filename Value="config.pas"/>
        <IsPartOfProject Value="True"/>
        <ComponentName Value="fmSetup"/>
        <HasResources Value="True"/>
        <ResourceBaseClass Value="Form"/>
        <UnitName Value="config"/>
        <EditorIndex Value="5"/>
        <WindowIndex Value="0"/>
        <TopLine Value="112"/>
        <CursorPos X="50" Y="125"/>
        <UsageCount Value="26"/>
        <Loaded Value="True"/>
        <LoadedDesigner Value="True"/>
      </Unit8>
      <Unit9>
        <Filename Value="/usr/lib/lazarus/0.9.30/lcl/interfaces/gtk2/gtk2widgetset.inc"/>
        <WindowIndex Value="0"/>
        <TopLine Value="39"/>
        <CursorPos X="25" Y="47"/>
        <UsageCount Value="10"/>
      </Unit9>
      <Unit10>
        <Filename Value="/mnt/pub/personal/projects/_pascal/lclock2/lclock2.lpr"/>
        <UnitName Value="lclock2"/>
        <WindowIndex Value="0"/>
        <TopLine Value="1"/>
        <CursorPos X="1" Y="15"/>
        <UsageCount Value="10"/>
      </Unit10>
    </Units>
    <JumpHistory Count="30" HistoryIndex="29">
      <Position1>
        <Filename Value="config.pas"/>
        <Caret Line="35" Column="1" TopLine="20"/>
      </Position1>
      <Position2>
        <Filename Value="main.pas"/>
        <Caret Line="49" Column="17" TopLine="29"/>
      </Position2>
      <Position3>
        <Filename Value="main.pas"/>
        <Caret Line="51" Column="17" TopLine="31"/>
      </Position3>
      <Position4>
        <Filename Value="main.pas"/>
        <Caret Line="190" Column="35" TopLine="174"/>
      </Position4>
      <Position5>
        <Filename Value="main.pas"/>
        <Caret Line="78" Column="1" TopLine="75"/>
      </Position5>
      <Position6>
        <Filename Value="main.pas"/>
        <Caret Line="88" Column="5" TopLine="82"/>
      </Position6>
      <Position7>
        <Filename Value="main.pas"/>
        <Caret Line="189" Column="18" TopLine="175"/>
      </Position7>
      <Position8>
        <Filename Value="main.pas"/>
        <Caret Line="202" Column="20" TopLine="175"/>
      </Position8>
      <Position9>
        <Filename Value="main.pas"/>
        <Caret Line="193" Column="15" TopLine="139"/>
      </Position9>
      <Position10>
        <Filename Value="main.pas"/>
        <Caret Line="107" Column="22" TopLine="101"/>
      </Position10>
      <Position11>
        <Filename Value="main.pas"/>
        <Caret Line="167" Column="28" TopLine="156"/>
      </Position11>
      <Position12>
        <Filename Value="main.pas"/>
        <Caret Line="175" Column="28" TopLine="164"/>
      </Position12>
      <Position13>
        <Filename Value="main.pas"/>
        <Caret Line="82" Column="5" TopLine="79"/>
      </Position13>
      <Position14>
        <Filename Value="main.pas"/>
        <Caret Line="90" Column="5" TopLine="87"/>
      </Position14>
      <Position15>
        <Filename Value="config.pas"/>
        <Caret Line="11" Column="20" TopLine="3"/>
      </Position15>
      <Position16>
        <Filename Value="config.pas"/>
        <Caret Line="1" Column="1" TopLine="1"/>
      </Position16>
      <Position17>
        <Filename Value="config.pas"/>
        <Caret Line="122" Column="10" TopLine="112"/>
      </Position17>
      <Position18>
        <Filename Value="main.pas"/>
        <Caret Line="221" Column="1" TopLine="205"/>
      </Position18>
      <Position19>
        <Filename Value="main.pas"/>
        <Caret Line="198" Column="1" TopLine="196"/>
      </Position19>
      <Position20>
        <Filename Value="main.pas"/>
        <Caret Line="91" Column="9" TopLine="88"/>
      </Position20>
      <Position21>
        <Filename Value="main.pas"/>
        <Caret Line="92" Column="9" TopLine="89"/>
      </Position21>
      <Position22>
        <Filename Value="main.pas"/>
        <Caret Line="91" Column="9" TopLine="88"/>
      </Position22>
      <Position23>
        <Filename Value="main.pas"/>
        <Caret Line="93" Column="9" TopLine="90"/>
      </Position23>
      <Position24>
        <Filename Value="main.pas"/>
        <Caret Line="79" Column="34" TopLine="73"/>
      </Position24>
      <Position25>
        <Filename Value="main.pas"/>
        <Caret Line="80" Column="34" TopLine="74"/>
      </Position25>
      <Position26>
        <Filename Value="main.pas"/>
        <Caret Line="82" Column="34" TopLine="76"/>
      </Position26>
      <Position27>
        <Filename Value="main.pas"/>
        <Caret Line="137" Column="1" TopLine="137"/>
      </Position27>
      <Position28>
        <Filename Value="main.pas"/>
        <Caret Line="138" Column="1" TopLine="138"/>
      </Position28>
      <Position29>
        <Filename Value="main.pas"/>
        <Caret Line="137" Column="1" TopLine="137"/>
      </Position29>
      <Position30>
        <Filename Value="main.pas"/>
        <Caret Line="37" Column="1" TopLine="28"/>
      </Position30>
    </JumpHistory>
  </ProjectOptions>
  <CompilerOptions>
    <Version Value="9"/>
    <Target>
      <Filename Value="lclock2"/>
    </Target>
    <SearchPaths>
      <IncludeFiles Value="$(ProjOutDir)"/>
      <OtherUnitFiles Value="../TLIB3"/>
      <UnitOutputDirectory Value="lib/$(TargetCPU)-$(TargetOS)"/>
    </SearchPaths>
    <Linking>
      <Options>
        <Win32>
          <GraphicApplication Value="True"/>
        </Win32>
      </Options>
    </Linking>
    <Other>
      <CompilerMessages>
        <UseMsgFile Value="True"/>
      </CompilerMessages>
      <CompilerPath Value="$(CompPath)"/>
    </Other>
  </CompilerOptions>
  <Debugging>
    <Watches Count="5">
      <Item1>
        <Expression Value="masMonths"/>
      </Item1>
      <Item2>
        <Expression Value="msClockDateHint"/>
      </Item2>
      <Item3>
        <Expression Value="mwClockMinutes"/>
      </Item3>
      <Item4>
        <Expression Value="mwClockYear"/>
      </Item4>
      <Item5>
        <Expression Value="mwClockMonth"/>
      </Item5>
    </Watches>
    <Exceptions Count="3">
      <Item1>
        <Name Value="EAbort"/>
      </Item1>
      <Item2>
        <Name Value="ECodetoolError"/>
      </Item2>
      <Item3>
        <Name Value="EFOpenError"/>
      </Item3>
    </Exceptions>
  </Debugging>
</CONFIG>
