<?xml version="1.0"?>
<CONFIG>
  <ProjectOptions>
    <Version Value="9"/>
    <General>
      <MainUnit Value="0"/>
      <ResourceType Value="res"/>
      <UseXPManifest Value="True"/>
      <Icon Value="0"/>
      <ActiveWindowIndexAtStart Value="0"/>
    </General>
    <i18n>
      <EnableI18N LFM="False"/>
    </i18n>
    <VersionInfo>
      <StringTable ProductVersion=""/>
    </VersionInfo>
    <BuildModes Count="1" Active="Default">
      <Item1 Name="Default" Default="True"/>
    </BuildModes>
    <PublishOptions>
      <Version Value="2"/>
      <IncludeFileFilter Value="*.(pas|pp|inc|lfm|lpr|lrs|lpi|lpk|sh|xml)"/>
      <ExcludeFileFilter Value="*.(bak|ppu|o|so);*~;backup"/>
    </PublishOptions>
    <RunParams>
      <local>
        <FormatVersion Value="1"/>
        <LaunchingApplication PathPlusParams="/usr/bin/xterm -T 'Lazarus Run Output' -e $(LazarusDir)/tools/runwait.sh $(TargetCmdLine)"/>
      </local>
    </RunParams>
    <RequiredPackages Count="1">
      <Item1>
        <PackageName Value="LCL"/>
      </Item1>
    </RequiredPackages>
    <Units Count="7">
      <Unit0>
        <Filename Value="lclock2.lpr"/>
        <IsPartOfProject Value="True"/>
        <UnitName Value="lclock2"/>
        <EditorIndex Value="2"/>
        <WindowIndex Value="0"/>
        <TopLine Value="1"/>
        <CursorPos X="18" Y="10"/>
        <UsageCount Value="20"/>
        <Loaded Value="True"/>
      </Unit0>
      <Unit1>
        <Filename Value="main.pas"/>
        <IsPartOfProject Value="True"/>
        <ComponentName Value="fmMain"/>
        <ResourceBaseClass Value="Form"/>
        <UnitName Value="main"/>
        <EditorIndex Value="0"/>
        <WindowIndex Value="0"/>
        <TopLine Value="46"/>
        <CursorPos X="47" Y="59"/>
        <UsageCount Value="20"/>
        <Loaded Value="True"/>
      </Unit1>
      <Unit2>
        <Filename Value="../TLIB3/tstr.pas"/>
        <UnitName Value="tstr"/>
        <EditorIndex Value="4"/>
        <WindowIndex Value="0"/>
        <TopLine Value="57"/>
        <CursorPos X="1" Y="1"/>
        <UsageCount Value="10"/>
        <Loaded Value="True"/>
      </Unit2>
      <Unit3>
        <Filename Value="../TLIB3/tconst.inc"/>
        <EditorIndex Value="5"/>
        <WindowIndex Value="0"/>
        <TopLine Value="71"/>
        <CursorPos X="21" Y="90"/>
        <UsageCount Value="10"/>
        <Loaded Value="True"/>
      </Unit3>
      <Unit4>
        <Filename Value="const.inc"/>
        <IsPartOfProject Value="True"/>
        <UnitName Value="const"/>
        <EditorIndex Value="3"/>
        <WindowIndex Value="0"/>
        <TopLine Value="1"/>
        <CursorPos X="8" Y="1"/>
        <UsageCount Value="20"/>
        <Loaded Value="True"/>
      </Unit4>
      <Unit5>
        <Filename Value="/mnt/pub/personal/projects/_pascal/lclock2/main.pas"/>
        <UnitName Value="main"/>
        <WindowIndex Value="0"/>
        <TopLine Value="36"/>
        <CursorPos X="1" Y="97"/>
        <FoldState Value=" T3i0073c"/>
        <UsageCount Value="10"/>
      </Unit5>
      <Unit6>
        <Filename Value="/mnt/pub/personal/projects/_pascal/TLIB3/tcfg.pas"/>
        <UnitName Value="tcfg"/>
        <IsVisibleTab Value="True"/>
        <EditorIndex Value="1"/>
        <WindowIndex Value="0"/>
        <TopLine Value="205"/>
        <CursorPos X="1" Y="261"/>
        <UsageCount Value="10"/>
        <Loaded Value="True"/>
      </Unit6>
    </Units>
    <JumpHistory Count="21" HistoryIndex="20">
      <Position1>
        <Filename Value="/mnt/pub/personal/projects/_pascal/TLIB3/tcfg.pas"/>
        <Caret Line="308" Column="1" TopLine="295"/>
      </Position1>
      <Position2>
        <Filename Value="/mnt/pub/personal/projects/_pascal/TLIB3/tcfg.pas"/>
        <Caret Line="309" Column="1" TopLine="295"/>
      </Position2>
      <Position3>
        <Filename Value="main.pas"/>
        <Caret Line="64" Column="27" TopLine="54"/>
      </Position3>
      <Position4>
        <Filename Value="/mnt/pub/personal/projects/_pascal/TLIB3/tcfg.pas"/>
        <Caret Line="262" Column="14" TopLine="251"/>
      </Position4>
      <Position5>
        <Filename Value="main.pas"/>
        <Caret Line="62" Column="16" TopLine="54"/>
      </Position5>
      <Position6>
        <Filename Value="/mnt/pub/personal/projects/_pascal/TLIB3/tcfg.pas"/>
        <Caret Line="305" Column="1" TopLine="295"/>
      </Position6>
      <Position7>
        <Filename Value="/mnt/pub/personal/projects/_pascal/TLIB3/tcfg.pas"/>
        <Caret Line="307" Column="1" TopLine="295"/>
      </Position7>
      <Position8>
        <Filename Value="/mnt/pub/personal/projects/_pascal/TLIB3/tcfg.pas"/>
        <Caret Line="308" Column="1" TopLine="295"/>
      </Position8>
      <Position9>
        <Filename Value="/mnt/pub/personal/projects/_pascal/TLIB3/tcfg.pas"/>
        <Caret Line="309" Column="15" TopLine="295"/>
      </Position9>
      <Position10>
        <Filename Value="main.pas"/>
        <Caret Line="59" Column="18" TopLine="54"/>
      </Position10>
      <Position11>
        <Filename Value="/mnt/pub/personal/projects/_pascal/TLIB3/tcfg.pas"/>
        <Caret Line="261" Column="1" TopLine="251"/>
      </Position11>
      <Position12>
        <Filename Value="/mnt/pub/personal/projects/_pascal/TLIB3/tcfg.pas"/>
        <Caret Line="263" Column="1" TopLine="251"/>
      </Position12>
      <Position13>
        <Filename Value="/mnt/pub/personal/projects/_pascal/TLIB3/tcfg.pas"/>
        <Caret Line="264" Column="1" TopLine="251"/>
      </Position13>
      <Position14>
        <Filename Value="/mnt/pub/personal/projects/_pascal/TLIB3/tcfg.pas"/>
        <Caret Line="266" Column="1" TopLine="251"/>
      </Position14>
      <Position15>
        <Filename Value="/mnt/pub/personal/projects/_pascal/TLIB3/tcfg.pas"/>
        <Caret Line="267" Column="1" TopLine="251"/>
      </Position15>
      <Position16>
        <Filename Value="/mnt/pub/personal/projects/_pascal/TLIB3/tcfg.pas"/>
        <Caret Line="268" Column="1" TopLine="251"/>
      </Position16>
      <Position17>
        <Filename Value="/mnt/pub/personal/projects/_pascal/TLIB3/tcfg.pas"/>
        <Caret Line="270" Column="1" TopLine="253"/>
      </Position17>
      <Position18>
        <Filename Value="main.pas"/>
        <Caret Line="60" Column="79" TopLine="46"/>
      </Position18>
      <Position19>
        <Filename Value="main.pas"/>
        <Caret Line="56" Column="27" TopLine="46"/>
      </Position19>
      <Position20>
        <Filename Value="/mnt/pub/personal/projects/_pascal/TLIB3/tcfg.pas"/>
        <Caret Line="261" Column="1" TopLine="253"/>
      </Position20>
      <Position21>
        <Filename Value="main.pas"/>
        <Caret Line="59" Column="47" TopLine="46"/>
      </Position21>
    </JumpHistory>
  </ProjectOptions>
  <CompilerOptions>
    <Version Value="9"/>
    <Target>
      <Filename Value="lclock2"/>
    </Target>
    <SearchPaths>
      <IncludeFiles Value="$(ProjOutDir)"/>
      <OtherUnitFiles Value="../TLIB3"/>
      <UnitOutputDirectory Value="lib/$(TargetCPU)-$(TargetOS)"/>
    </SearchPaths>
    <Linking>
      <Options>
        <Win32>
          <GraphicApplication Value="True"/>
        </Win32>
      </Options>
    </Linking>
    <Other>
      <CompilerMessages>
        <UseMsgFile Value="True"/>
      </CompilerMessages>
      <CompilerPath Value="$(CompPath)"/>
    </Other>
  </CompilerOptions>
  <Debugging>
    <BreakPoints Count="2">
      <Item1>
        <Source Value="main.pas"/>
        <Line Value="1"/>
      </Item1>
      <Item2>
        <Source Value="main.pas"/>
        <Line Value="59"/>
      </Item2>
    </BreakPoints>
    <Watches Count="5">
      <Item1>
        <Expression Value="msMonthsFile"/>
      </Item1>
      <Item2>
        <Expression Value="masMonths"/>
      </Item2>
      <Item3>
        <Expression Value="psName"/>
      </Item3>
      <Item4>
        <Expression Value="psSection"/>
      </Item4>
      <Item5>
        <Expression Value="masMonths[liIdx]"/>
      </Item5>
    </Watches>
    <Exceptions Count="3">
      <Item1>
        <Name Value="EAbort"/>
      </Item1>
      <Item2>
        <Name Value="ECodetoolError"/>
      </Item2>
      <Item3>
        <Name Value="EFOpenError"/>
      </Item3>
    </Exceptions>
  </Debugging>
</CONFIG>
